// !$*UTF8*$!
{
	archiveVersion = 1;
	classes = {
	};
	objectVersion = 56;
	objects = {

/* Begin PBXBuildFile section */
		025A6A4D2918147A00A55C59 /* AppDelegate.swift in Sources */ = {isa = PBXBuildFile; fileRef = 025A6A4C2918147A00A55C59 /* AppDelegate.swift */; };
		025A6A4F2918147A00A55C59 /* SceneDelegate.swift in Sources */ = {isa = PBXBuildFile; fileRef = 025A6A4E2918147A00A55C59 /* SceneDelegate.swift */; };
		025A6A512918147A00A55C59 /* MainViewController.swift in Sources */ = {isa = PBXBuildFile; fileRef = 025A6A502918147A00A55C59 /* MainViewController.swift */; };
		025A6A542918147A00A55C59 /* Main.storyboard in Resources */ = {isa = PBXBuildFile; fileRef = 025A6A522918147A00A55C59 /* Main.storyboard */; };
		025A6A562918147B00A55C59 /* Assets.xcassets in Resources */ = {isa = PBXBuildFile; fileRef = 025A6A552918147B00A55C59 /* Assets.xcassets */; };
		025A6A592918147B00A55C59 /* LaunchScreen.storyboard in Resources */ = {isa = PBXBuildFile; fileRef = 025A6A572918147B00A55C59 /* LaunchScreen.storyboard */; };
		025A6A682918186B00A55C59 /* CoinGecko.swift in Sources */ = {isa = PBXBuildFile; fileRef = 025A6A672918186B00A55C59 /* CoinGecko.swift */; };
		026E856A29203F2A00829B33 /* InfoTableViewCell.swift in Sources */ = {isa = PBXBuildFile; fileRef = 026E856929203F2A00829B33 /* InfoTableViewCell.swift */; };
		02744B1829184BCC00F40B2C /* ImageViewController.swift in Sources */ = {isa = PBXBuildFile; fileRef = 02744B1729184BCC00F40B2C /* ImageViewController.swift */; };
		0295211329184135001B03A9 /* UserActionCell.swift in Sources */ = {isa = PBXBuildFile; fileRef = 0295211229184135001B03A9 /* UserActionCell.swift */; };
/* End PBXBuildFile section */

/* Begin PBXFileReference section */
		025A6A492918147A00A55C59 /* CurrencyExchange.app */ = {isa = PBXFileReference; explicitFileType = wrapper.application; includeInIndex = 0; path = CurrencyExchange.app; sourceTree = BUILT_PRODUCTS_DIR; };
		025A6A4C2918147A00A55C59 /* AppDelegate.swift */ = {isa = PBXFileReference; lastKnownFileType = sourcecode.swift; path = AppDelegate.swift; sourceTree = "<group>"; };
		025A6A4E2918147A00A55C59 /* SceneDelegate.swift */ = {isa = PBXFileReference; lastKnownFileType = sourcecode.swift; path = SceneDelegate.swift; sourceTree = "<group>"; };
		025A6A502918147A00A55C59 /* MainViewController.swift */ = {isa = PBXFileReference; lastKnownFileType = sourcecode.swift; path = MainViewController.swift; sourceTree = "<group>"; };
		025A6A532918147A00A55C59 /* Base */ = {isa = PBXFileReference; lastKnownFileType = file.storyboard; name = Base; path = Base.lproj/Main.storyboard; sourceTree = "<group>"; };
		025A6A552918147B00A55C59 /* Assets.xcassets */ = {isa = PBXFileReference; lastKnownFileType = folder.assetcatalog; path = Assets.xcassets; sourceTree = "<group>"; };
		025A6A582918147B00A55C59 /* Base */ = {isa = PBXFileReference; lastKnownFileType = file.storyboard; name = Base; path = Base.lproj/LaunchScreen.storyboard; sourceTree = "<group>"; };
		025A6A5A2918147B00A55C59 /* Info.plist */ = {isa = PBXFileReference; lastKnownFileType = text.plist.xml; path = Info.plist; sourceTree = "<group>"; };
		025A6A672918186B00A55C59 /* CoinGecko.swift */ = {isa = PBXFileReference; lastKnownFileType = sourcecode.swift; path = CoinGecko.swift; sourceTree = "<group>"; };
		026E856929203F2A00829B33 /* InfoTableViewCell.swift */ = {isa = PBXFileReference; lastKnownFileType = sourcecode.swift; path = InfoTableViewCell.swift; sourceTree = "<group>"; };
		02744B1729184BCC00F40B2C /* ImageViewController.swift */ = {isa = PBXFileReference; lastKnownFileType = sourcecode.swift; path = ImageViewController.swift; sourceTree = "<group>"; };
		0295211229184135001B03A9 /* UserActionCell.swift */ = {isa = PBXFileReference; lastKnownFileType = sourcecode.swift; path = UserActionCell.swift; sourceTree = "<group>"; };
/* End PBXFileReference section */

/* Begin PBXFrameworksBuildPhase section */
		025A6A462918147A00A55C59 /* Frameworks */ = {
			isa = PBXFrameworksBuildPhase;
			buildActionMask = 2147483647;
			files = (
			);
			runOnlyForDeploymentPostprocessing = 0;
		};
/* End PBXFrameworksBuildPhase section */

/* Begin PBXGroup section */
		025A6A402918147A00A55C59 = {
			isa = PBXGroup;
			children = (
				025A6A4B2918147A00A55C59 /* CurrencyExchange */,
				025A6A4A2918147A00A55C59 /* Products */,
			);
			sourceTree = "<group>";
		};
		025A6A4A2918147A00A55C59 /* Products */ = {
			isa = PBXGroup;
			children = (
				025A6A492918147A00A55C59 /* CurrencyExchange.app */,
			);
			name = Products;
			sourceTree = "<group>";
		};
		025A6A4B2918147A00A55C59 /* CurrencyExchange */ = {
			isa = PBXGroup;
			children = (
				025A6A602918151C00A55C59 /* ViewControllers */,
				025A6A612918153200A55C59 /* Views */,
				025A6A622918155300A55C59 /* Models */,
				025A6A632918156800A55C59 /* Services */,
				025A6A642918157800A55C59 /* Storyboards */,
				025A6A652918158A00A55C59 /* App */,
				025A6A662918159800A55C59 /* Resources */,
			);
			path = CurrencyExchange;
			sourceTree = "<group>";
		};
		025A6A602918151C00A55C59 /* ViewControllers */ = {
			isa = PBXGroup;
			children = (
				02744B1729184BCC00F40B2C /* ImageViewController.swift */,
				025A6A502918147A00A55C59 /* MainViewController.swift */,
				026E856929203F2A00829B33 /* InfoTableViewCell.swift */,
			);
			path = ViewControllers;
			sourceTree = "<group>";
		};
		025A6A612918153200A55C59 /* Views */ = {
			isa = PBXGroup;
			children = (
				0295211229184135001B03A9 /* UserActionCell.swift */,
			);
			path = Views;
			sourceTree = "<group>";
		};
		025A6A622918155300A55C59 /* Models */ = {
			isa = PBXGroup;
			children = (
				025A6A672918186B00A55C59 /* CoinGecko.swift */,
			);
			path = Models;
			sourceTree = "<group>";
		};
		025A6A632918156800A55C59 /* Services */ = {
			isa = PBXGroup;
			children = (
			);
			path = Services;
			sourceTree = "<group>";
		};
		025A6A642918157800A55C59 /* Storyboards */ = {
			isa = PBXGroup;
			children = (
				025A6A572918147B00A55C59 /* LaunchScreen.storyboard */,
				025A6A522918147A00A55C59 /* Main.storyboard */,
			);
			path = Storyboards;
			sourceTree = "<group>";
		};
		025A6A652918158A00A55C59 /* App */ = {
			isa = PBXGroup;
			children = (
				025A6A4E2918147A00A55C59 /* SceneDelegate.swift */,
				025A6A4C2918147A00A55C59 /* AppDelegate.swift */,
				025A6A5A2918147B00A55C59 /* Info.plist */,
			);
			path = App;
			sourceTree = "<group>";
		};
		025A6A662918159800A55C59 /* Resources */ = {
			isa = PBXGroup;
			children = (
				025A6A552918147B00A55C59 /* Assets.xcassets */,
			);
			path = Resources;
			sourceTree = "<group>";
		};
/* End PBXGroup section */

/* Begin PBXNativeTarget section */
		025A6A482918147A00A55C59 /* CurrencyExchange */ = {
			isa = PBXNativeTarget;
			buildConfigurationList = 025A6A5D2918147B00A55C59 /* Build configuration list for PBXNativeTarget "CurrencyExchange" */;
			buildPhases = (
				025A6A452918147A00A55C59 /* Sources */,
				025A6A462918147A00A55C59 /* Frameworks */,
				025A6A472918147A00A55C59 /* Resources */,
			);
			buildRules = (
			);
			dependencies = (
			);
			name = CurrencyExchange;
			productName = CurrencyExchange;
			productReference = 025A6A492918147A00A55C59 /* CurrencyExchange.app */;
			productType = "com.apple.product-type.application";
		};
/* End PBXNativeTarget section */

/* Begin PBXProject section */
		025A6A412918147A00A55C59 /* Project object */ = {
			isa = PBXProject;
			attributes = {
				BuildIndependentTargetsInParallel = 1;
				LastSwiftUpdateCheck = 1400;
				LastUpgradeCheck = 1400;
				TargetAttributes = {
					025A6A482918147A00A55C59 = {
						CreatedOnToolsVersion = 14.0.1;
					};
				};
			};
			buildConfigurationList = 025A6A442918147A00A55C59 /* Build configuration list for PBXProject "CurrencyExchange" */;
			compatibilityVersion = "Xcode 14.0";
			developmentRegion = en;
			hasScannedForEncodings = 0;
			knownRegions = (
				en,
				Base,
			);
			mainGroup = 025A6A402918147A00A55C59;
			productRefGroup = 025A6A4A2918147A00A55C59 /* Products */;
			projectDirPath = "";
			projectRoot = "";
			targets = (
				025A6A482918147A00A55C59 /* CurrencyExchange */,
			);
		};
/* End PBXProject section */

/* Begin PBXResourcesBuildPhase section */
		025A6A472918147A00A55C59 /* Resources */ = {
			isa = PBXResourcesBuildPhase;
			buildActionMask = 2147483647;
			files = (
				025A6A592918147B00A55C59 /* LaunchScreen.storyboard in Resources */,
				025A6A562918147B00A55C59 /* Assets.xcassets in Resources */,
				025A6A542918147A00A55C59 /* Main.storyboard in Resources */,
			);
			runOnlyForDeploymentPostprocessing = 0;
		};
/* End PBXResourcesBuildPhase section */

/* Begin PBXSourcesBuildPhase section */
		025A6A452918147A00A55C59 /* Sources */ = {
			isa = PBXSourcesBuildPhase;
			buildActionMask = 2147483647;
			files = (
				0295211329184135001B03A9 /* UserActionCell.swift in Sources */,
				025A6A682918186B00A55C59 /* CoinGecko.swift in Sources */,
				025A6A512918147A00A55C59 /* MainViewController.swift in Sources */,
				025A6A4D2918147A00A55C59 /* AppDelegate.swift in Sources */,
				026E856A29203F2A00829B33 /* InfoTableViewCell.swift in Sources */,
				02744B1829184BCC00F40B2C /* ImageViewController.swift in Sources */,
				025A6A4F2918147A00A55C59 /* SceneDelegate.swift in Sources */,
			);
			runOnlyForDeploymentPostprocessing = 0;
		};
/* End PBXSourcesBuildPhase section */

/* Begin PBXVariantGroup section */
		025A6A522918147A00A55C59 /* Main.storyboard */ = {
			isa = PBXVariantGroup;
			children = (
				025A6A532918147A00A55C59 /* Base */,
			);
			name = Main.storyboard;
			sourceTree = "<group>";
		};
		025A6A572918147B00A55C59 /* LaunchScreen.storyboard */ = {
			isa = PBXVariantGroup;
			children = (
				025A6A582918147B00A55C59 /* Base */,
			);
			name = LaunchScreen.storyboard;
			sourceTree = "<group>";
		};
/* End PBXVariantGroup section */

/* Begin XCBuildConfiguration section */
		025A6A5B2918147B00A55C59 /* Debug */ = {
			isa = XCBuildConfiguration;
			buildSettings = {
				ALWAYS_SEARCH_USER_PATHS = NO;
				CLANG_ANALYZER_NONNULL = YES;
				CLANG_ANALYZER_NUMBER_OBJECT_CONVERSION = YES_AGGRESSIVE;
				CLANG_CXX_LANGUAGE_STANDARD = "gnu++20";
				CLANG_ENABLE_MODULES = YES;
				CLANG_ENABLE_OBJC_ARC = YES;
				CLANG_ENABLE_OBJC_WEAK = YES;
				CLANG_WARN_BLOCK_CAPTURE_AUTORELEASING = YES;
				CLANG_WARN_BOOL_CONVERSION = YES;
				CLANG_WARN_COMMA = YES;
				CLANG_WARN_CONSTANT_CONVERSION = YES;
				CLANG_WARN_DEPRECATED_OBJC_IMPLEMENTATIONS = YES;
				CLANG_WARN_DIRECT_OBJC_ISA_USAGE = YES_ERROR;
				CLANG_WARN_DOCUMENTATION_COMMENTS = YES;
				CLANG_WARN_EMPTY_BODY = YES;
				CLANG_WARN_ENUM_CONVERSION = YES;
				CLANG_WARN_INFINITE_RECURSION = YES;
				CLANG_WARN_INT_CONVERSION = YES;
				CLANG_WARN_NON_LITERAL_NULL_CONVERSION = YES;
				CLANG_WARN_OBJC_IMPLICIT_RETAIN_SELF = YES;
				CLANG_WARN_OBJC_LITERAL_CONVERSION = YES;
				CLANG_WARN_OBJC_ROOT_CLASS = YES_ERROR;
				CLANG_WARN_QUOTED_INCLUDE_IN_FRAMEWORK_HEADER = YES;
				CLANG_WARN_RANGE_LOOP_ANALYSIS = YES;
				CLANG_WARN_STRICT_PROTOTYPES = YES;
				CLANG_WARN_SUSPICIOUS_MOVE = YES;
				CLANG_WARN_UNGUARDED_AVAILABILITY = YES_AGGRESSIVE;
				CLANG_WARN_UNREACHABLE_CODE = YES;
				CLANG_WARN__DUPLICATE_METHOD_MATCH = YES;
				COPY_PHASE_STRIP = NO;
				DEBUG_INFORMATION_FORMAT = dwarf;
				ENABLE_STRICT_OBJC_MSGSEND = YES;
				ENABLE_TESTABILITY = YES;
				GCC_C_LANGUAGE_STANDARD = gnu11;
				GCC_DYNAMIC_NO_PIC = NO;
				GCC_NO_COMMON_BLOCKS = YES;
				GCC_OPTIMIZATION_LEVEL = 0;
				GCC_PREPROCESSOR_DEFINITIONS = (
					"DEBUG=1",
					"$(inherited)",
				);
				GCC_WARN_64_TO_32_BIT_CONVERSION = YES;
				GCC_WARN_ABOUT_RETURN_TYPE = YES_ERROR;
				GCC_WARN_UNDECLARED_SELECTOR = YES;
				GCC_WARN_UNINITIALIZED_AUTOS = YES_AGGRESSIVE;
				GCC_WARN_UNUSED_FUNCTION = YES;
				GCC_WARN_UNUSED_VARIABLE = YES;
				IPHONEOS_DEPLOYMENT_TARGET = 16.0;
				MTL_ENABLE_DEBUG_INFO = INCLUDE_SOURCE;
				MTL_FAST_MATH = YES;
				ONLY_ACTIVE_ARCH = YES;
				SDKROOT = iphoneos;
				SWIFT_ACTIVE_COMPILATION_CONDITIONS = DEBUG;
				SWIFT_OPTIMIZATION_LEVEL = "-Onone";
			};
			name = Debug;
		};
		025A6A5C2918147B00A55C59 /* Release */ = {
			isa = XCBuildConfiguration;
			buildSettings = {
				ALWAYS_SEARCH_USER_PATHS = NO;
				CLANG_ANALYZER_NONNULL = YES;
				CLANG_ANALYZER_NUMBER_OBJECT_CONVERSION = YES_AGGRESSIVE;
				CLANG_CXX_LANGUAGE_STANDARD = "gnu++20";
				CLANG_ENABLE_MODULES = YES;
				CLANG_ENABLE_OBJC_ARC = YES;
				CLANG_ENABLE_OBJC_WEAK = YES;
				CLANG_WARN_BLOCK_CAPTURE_AUTORELEASING = YES;
				CLANG_WARN_BOOL_CONVERSION = YES;
				CLANG_WARN_COMMA = YES;
				CLANG_WARN_CONSTANT_CONVERSION = YES;
				CLANG_WARN_DEPRECATED_OBJC_IMPLEMENTATIONS = YES;
				CLANG_WARN_DIRECT_OBJC_ISA_USAGE = YES_ERROR;
				CLANG_WARN_DOCUMENTATION_COMMENTS = YES;
				CLANG_WARN_EMPTY_BODY = YES;
				CLANG_WARN_ENUM_CONVERSION = YES;
				CLANG_WARN_INFINITE_RECURSION = YES;
				CLANG_WARN_INT_CONVERSION = YES;
				CLANG_WARN_NON_LITERAL_NULL_CONVERSION = YES;
				CLANG_WARN_OBJC_IMPLICIT_RETAIN_SELF = YES;
				CLANG_WARN_OBJC_LITERAL_CONVERSION = YES;
				CLANG_WARN_OBJC_ROOT_CLASS = YES_ERROR;
				CLANG_WARN_QUOTED_INCLUDE_IN_FRAMEWORK_HEADER = YES;
				CLANG_WARN_RANGE_LOOP_ANALYSIS = YES;
				CLANG_WARN_STRICT_PROTOTYPES = YES;
				CLANG_WARN_SUSPICIOUS_MOVE = YES;
				CLANG_WARN_UNGUARDED_AVAILABILITY = YES_AGGRESSIVE;
				CLANG_WARN_UNREACHABLE_CODE = YES;
				CLANG_WARN__DUPLICATE_METHOD_MATCH = YES;
				COPY_PHASE_STRIP = NO;
				DEBUG_INFORMATION_FORMAT = "dwarf-with-dsym";
				ENABLE_NS_ASSERTIONS = NO;
				ENABLE_STRICT_OBJC_MSGSEND = YES;
				GCC_C_LANGUAGE_STANDARD = gnu11;
				GCC_NO_COMMON_BLOCKS = YES;
				GCC_WARN_64_TO_32_BIT_CONVERSION = YES;
				GCC_WARN_ABOUT_RETURN_TYPE = YES_ERROR;
				GCC_WARN_UNDECLARED_SELECTOR = YES;
				GCC_WARN_UNINITIALIZED_AUTOS = YES_AGGRESSIVE;
				GCC_WARN_UNUSED_FUNCTION = YES;
				GCC_WARN_UNUSED_VARIABLE = YES;
				IPHONEOS_DEPLOYMENT_TARGET = 16.0;
				MTL_ENABLE_DEBUG_INFO = NO;
				MTL_FAST_MATH = YES;
				SDKROOT = iphoneos;
				SWIFT_COMPILATION_MODE = wholemodule;
				SWIFT_OPTIMIZATION_LEVEL = "-O";
				VALIDATE_PRODUCT = YES;
			};
			name = Release;
		};
		025A6A5E2918147B00A55C59 /* Debug */ = {
			isa = XCBuildConfiguration;
			buildSettings = {
				ASSETCATALOG_COMPILER_APPICON_NAME = AppIcon;
				ASSETCATALOG_COMPILER_GLOBAL_ACCENT_COLOR_NAME = AccentColor;
				CODE_SIGN_STYLE = Automatic;
				CURRENT_PROJECT_VERSION = 1;
				DEVELOPMENT_TEAM = 55K7NXQX2Q;
				GENERATE_INFOPLIST_FILE = YES;
				INFOPLIST_FILE = CurrencyExchange/App/Info.plist;
				INFOPLIST_KEY_UIApplicationSupportsIndirectInputEvents = YES;
				INFOPLIST_KEY_UILaunchStoryboardName = LaunchScreen;
				INFOPLIST_KEY_UIMainStoryboardFile = Main;
				INFOPLIST_KEY_UISupportedInterfaceOrientations = UIInterfaceOrientationPortrait;
				INFOPLIST_KEY_UISupportedInterfaceOrientations_iPad = "UIInterfaceOrientationLandscapeLeft UIInterfaceOrientationLandscapeRight UIInterfaceOrientationPortrait UIInterfaceOrientationPortraitUpsideDown";
				LD_RUNPATH_SEARCH_PATHS = (
					"$(inherited)",
					"@executable_path/Frameworks",
				);
				MARKETING_VERSION = 1.0;
				PRODUCT_BUNDLE_IDENTIFIER = ua.pltnw.CurrencyExchange;
				PRODUCT_NAME = "$(TARGET_NAME)";
				SUPPORTED_PLATFORMS = "iphoneos iphonesimulator";
				SUPPORTS_MACCATALYST = NO;
				SUPPORTS_MAC_DESIGNED_FOR_IPHONE_IPAD = NO;
				SWIFT_EMIT_LOC_STRINGS = YES;
				SWIFT_VERSION = 5.0;
				TARGETED_DEVICE_FAMILY = 1;
			};
			name = Debug;
		};
		025A6A5F2918147B00A55C59 /* Release */ = {
			isa = XCBuildConfiguration;
			buildSettings = {
				ASSETCATALOG_COMPILER_APPICON_NAME = AppIcon;
				ASSETCATALOG_COMPILER_GLOBAL_ACCENT_COLOR_NAME = AccentColor;
				CODE_SIGN_STYLE = Automatic;
				CURRENT_PROJECT_VERSION = 1;
				DEVELOPMENT_TEAM = 55K7NXQX2Q;
				GENERATE_INFOPLIST_FILE = YES;
				INFOPLIST_FILE = CurrencyExchange/App/Info.plist;
				INFOPLIST_KEY_UIApplicationSupportsIndirectInputEvents = YES;
				INFOPLIST_KEY_UILaunchStoryboardName = LaunchScreen;
				INFOPLIST_KEY_UIMainStoryboardFile = Main;
				INFOPLIST_KEY_UISupportedInterfaceOrientations = UIInterfaceOrientationPortrait;
				INFOPLIST_KEY_UISupportedInterfaceOrientations_iPad = "UIInterfaceOrientationLandscapeLeft UIInterfaceOrientationLandscapeRight UIInterfaceOrientationPortrait UIInterfaceOrientationPortraitUpsideDown";
				LD_RUNPATH_SEARCH_PATHS = (
					"$(inherited)",
					"@executable_path/Frameworks",
				);
				MARKETING_VERSION = 1.0;
				PRODUCT_BUNDLE_IDENTIFIER = ua.pltnw.CurrencyExchange;
				PRODUCT_NAME = "$(TARGET_NAME)";
				SUPPORTED_PLATFORMS = "iphoneos iphonesimulator";
				SUPPORTS_MACCATALYST = NO;
				SUPPORTS_MAC_DESIGNED_FOR_IPHONE_IPAD = NO;
				SWIFT_EMIT_LOC_STRINGS = YES;
				SWIFT_VERSION = 5.0;
				TARGETED_DEVICE_FAMILY = 1;
			};
			name = Release;
		};
/* End XCBuildConfiguration section */

/* Begin XCConfigurationList section */
		025A6A442918147A00A55C59 /* Build configuration list for PBXProject "CurrencyExchange" */ = {
			isa = XCConfigurationList;
			buildConfigurations = (
				025A6A5B2918147B00A55C59 /* Debug */,
				025A6A5C2918147B00A55C59 /* Release */,
			);
			defaultConfigurationIsVisible = 0;
			defaultConfigurationName = Release;
		};
		025A6A5D2918147B00A55C59 /* Build configuration list for PBXNativeTarget "CurrencyExchange" */ = {
			isa = XCConfigurationList;
			buildConfigurations = (
				025A6A5E2918147B00A55C59 /* Debug */,
				025A6A5F2918147B00A55C59 /* Release */,
			);
			defaultConfigurationIsVisible = 0;
			defaultConfigurationName = Release;
		};
/* End XCConfigurationList section */
	};
	rootObject = 025A6A412918147A00A55C59 /* Project object */;
}
